
Microsoft Visual Studio Solution File, Format Version 12.00
# Visual Studio Version 16
VisualStudioVersion = 16.0.31624.102
MinimumVisualStudioVersion = 10.0.40219.1
Project("{FAE04EC0-301F-11D3-BF4B-00C04F79EFBC}") = "NumbersGame", "NumbersGame\NumbersGame.csproj", "{99436E1B-1B15-42BC-8080-CDCBBA70C813}"
EndProject
Global
	GlobalSection(SolutionConfigurationPlatforms) = preSolution
		Debug|Any CPU = Debug|Any CPU
		Release|Any CPU = Release|Any CPU
	EndGlobalSection
	GlobalSection(ProjectConfigurationPlatforms) = postSolution
		{99436E1B-1B15-42BC-8080-CDCBBA70C813}.Debug|Any CPU.ActiveCfg = Debug|Any CPU
		{99436E1B-1B15-42BC-8080-CDCBBA70C813}.Debug|Any CPU.Build.0 = Debug|Any CPU
		{99436E1B-1B15-42BC-8080-CDCBBA70C813}.Release|Any CPU.ActiveCfg = Release|Any CPU
		{99436E1B-1B15-42BC-8080-CDCBBA70C813}.Release|Any CPU.Build.0 = Release|Any CPU
	EndGlobalSection
	GlobalSection(SolutionProperties) = preSolution
		HideSolutionNode = FALSE
	EndGlobalSection
	GlobalSection(ExtensibilityGlobals) = postSolution
		SolutionGuid = {4B284754-D262-40A2-9F8C-6AB20BF45A4E}
	EndGlobalSection
EndGlobal
